
Microsoft Visual Studio Solution File, Format Version 12.00
# Visual Studio Version 16
VisualStudioVersion = 16.0.30413.136
MinimumVisualStudioVersion = 10.0.40219.1
Project("{8BC9CEB8-8B4A-11D0-8D11-00A0C91BC942}") = "BioImageOperation", "BioImageOperation\BioImageOperation.vcxproj", "{FD857C92-EA1A-4FB1-A7CA-E44472DD5774}"
EndProject
Project("{930C7802-8A8C-48F9-8165-68863BCCD9DD}") = "BioImageOperationSetup", "BioImageOperationSetup\BioImageOperationSetup.wixproj", "{161F6DF6-D2AB-4458-A0FF-DAD83F2B2EE1}"
EndProject
Project("{930C7802-8A8C-48F9-8165-68863BCCD9DD}") = "BioImageOperationSetupBootstrapper", "BioImageOperationSetupBootstrapper\BioImageOperationSetupBootstrapper.wixproj", "{6F74E8BB-0357-4BC2-B76D-9064FF527541}"
EndProject
Global
	GlobalSection(SolutionConfigurationPlatforms) = preSolution
		Debug|x64 = Debug|x64
		Release|x64 = Release|x64
	EndGlobalSection
	GlobalSection(ProjectConfigurationPlatforms) = postSolution
		{FD857C92-EA1A-4FB1-A7CA-E44472DD5774}.Debug|x64.ActiveCfg = Debug|x64
		{FD857C92-EA1A-4FB1-A7CA-E44472DD5774}.Debug|x64.Build.0 = Debug|x64
		{FD857C92-EA1A-4FB1-A7CA-E44472DD5774}.Release|x64.ActiveCfg = Release|x64
		{FD857C92-EA1A-4FB1-A7CA-E44472DD5774}.Release|x64.Build.0 = Release|x64
		{161F6DF6-D2AB-4458-A0FF-DAD83F2B2EE1}.Debug|x64.ActiveCfg = Debug|x64
		{161F6DF6-D2AB-4458-A0FF-DAD83F2B2EE1}.Release|x64.ActiveCfg = Release|x64
		{6F74E8BB-0357-4BC2-B76D-9064FF527541}.Debug|x64.ActiveCfg = Debug|x64
		{6F74E8BB-0357-4BC2-B76D-9064FF527541}.Release|x64.ActiveCfg = Release|x64
	EndGlobalSection
	GlobalSection(SolutionProperties) = preSolution
		HideSolutionNode = FALSE
	EndGlobalSection
	GlobalSection(ExtensibilityGlobals) = postSolution
		SolutionGuid = {FE0D1048-B50F-41CF-9B84-24F0FF34B86D}
	EndGlobalSection
EndGlobal
