<?xml version="1.0" encoding="utf-8"?>
<Project ToolsVersion="4.0" xmlns="http://schemas.microsoft.com/developer/msbuild/2003">
  <ItemGroup>
    <ClCompile Include="AboutWindow.cpp">
      <Filter>Source Files</Filter>
    </ClCompile>
    <ClCompile Include="AccumBuffer.cpp">
      <Filter>Source Files</Filter>
    </ClCompile>
    <ClCompile Include="Argument.cpp">
      <Filter>Source Files</Filter>
    </ClCompile>
    <ClCompile Include="AverageBuffer.cpp">
      <Filter>Source Files</Filter>
    </ClCompile>
    <ClCompile Include="Averager.cpp">
      <Filter>Source Files</Filter>
    </ClCompile>
    <ClCompile Include="BioImageOperation.cpp">
      <Filter>Source Files</Filter>
    </ClCompile>
    <ClCompile Include="CaptureSource.cpp">
      <Filter>Source Files</Filter>
    </ClCompile>
    <ClCompile Include="Cluster.cpp">
      <Filter>Source Files</Filter>
    </ClCompile>
    <ClCompile Include="ClusterTrack.cpp">
      <Filter>Source Files</Filter>
    </ClCompile>
    <ClCompile Include="ColorScale.cpp">
      <Filter>Source Files</Filter>
    </ClCompile>
    <ClCompile Include="Constants.cpp">
      <Filter>Source Files</Filter>
    </ClCompile>
    <ClCompile Include="FrameOutput.cpp">
      <Filter>Source Files</Filter>
    </ClCompile>
    <ClCompile Include="FrameSource.cpp">
      <Filter>Source Files</Filter>
    </ClCompile>
    <ClCompile Include="ImageItem.cpp">
      <Filter>Source Files</Filter>
    </ClCompile>
    <ClCompile Include="ImageItemList.cpp">
      <Filter>Source Files</Filter>
    </ClCompile>
    <ClCompile Include="ImageOperations.cpp">
      <Filter>Source Files</Filter>
    </ClCompile>
    <ClCompile Include="ImageOutput.cpp">
      <Filter>Source Files</Filter>
    </ClCompile>
    <ClCompile Include="ImageSeries.cpp">
      <Filter>Source Files</Filter>
    </ClCompile>
    <ClCompile Include="ImageSource.cpp">
      <Filter>Source Files</Filter>
    </ClCompile>
    <ClCompile Include="ImageTracker.cpp">
      <Filter>Source Files</Filter>
    </ClCompile>
    <ClCompile Include="ImageTrackers.cpp">
      <Filter>Source Files</Filter>
    </ClCompile>
    <ClCompile Include="ImageWindow.cpp">
      <Filter>Source Files</Filter>
    </ClCompile>
    <ClCompile Include="Keepalive.cpp">
      <Filter>Source Files</Filter>
    </ClCompile>
    <ClCompile Include="MainWindow.cpp">
      <Filter>Source Files</Filter>
    </ClCompile>
    <ClCompile Include="NumericPath.cpp">
      <Filter>Source Files</Filter>
    </ClCompile>
    <ClCompile Include="OperationInfo.cpp">
      <Filter>Source Files</Filter>
    </ClCompile>
    <ClCompile Include="OutputStream.cpp">
      <Filter>Source Files</Filter>
    </ClCompile>
    <ClCompile Include="ParamRange.cpp">
      <Filter>Source Files</Filter>
    </ClCompile>
    <ClCompile Include="PathLink.cpp">
      <Filter>Source Files</Filter>
    </ClCompile>
    <ClCompile Include="PathNode.cpp">
      <Filter>Source Files</Filter>
    </ClCompile>
    <ClCompile Include="ScriptOperation.cpp">
      <Filter>Source Files</Filter>
    </ClCompile>
    <ClCompile Include="ScriptOperations.cpp">
      <Filter>Source Files</Filter>
    </ClCompile>
    <ClCompile Include="ScriptProcessing.cpp">
      <Filter>Source Files</Filter>
    </ClCompile>
    <ClCompile Include="StatData.cpp">
      <Filter>Source Files</Filter>
    </ClCompile>
    <ClCompile Include="TextWindow.cpp">
      <Filter>Source Files</Filter>
    </ClCompile>
    <ClCompile Include="TrackClusterMatch.cpp">
      <Filter>Source Files</Filter>
    </ClCompile>
    <ClCompile Include="TrackingParams.cpp">
      <Filter>Source Files</Filter>
    </ClCompile>
    <ClCompile Include="TrackingStats.cpp">
      <Filter>Source Files</Filter>
    </ClCompile>
    <ClCompile Include="Util.cpp">
      <Filter>Source Files</Filter>
    </ClCompile>
    <ClCompile Include="VideoOutput.cpp">
      <Filter>Source Files</Filter>
    </ClCompile>
    <ClCompile Include="VideoSource.cpp">
      <Filter>Source Files</Filter>
    </ClCompile>
    <ClCompile Include="TextObserver.cpp">
      <Filter>Source Files</Filter>
    </ClCompile>
  </ItemGroup>
  <ItemGroup>
    <ClInclude Include="resource.h">
      <Filter>Header Files</Filter>
    </ClInclude>
    <ClInclude Include="AccumBuffer.h">
      <Filter>Header Files</Filter>
    </ClInclude>
    <ClInclude Include="Argument.h">
      <Filter>Header Files</Filter>
    </ClInclude>
    <ClInclude Include="AverageBuffer.h">
      <Filter>Header Files</Filter>
    </ClInclude>
    <ClInclude Include="Averager.h">
      <Filter>Header Files</Filter>
    </ClInclude>
    <ClInclude Include="CaptureSource.h">
      <Filter>Header Files</Filter>
    </ClInclude>
    <ClInclude Include="Cluster.h">
      <Filter>Header Files</Filter>
    </ClInclude>
    <ClInclude Include="ClusterTrack.h">
      <Filter>Header Files</Filter>
    </ClInclude>
    <ClInclude Include="ColorScale.h">
      <Filter>Header Files</Filter>
    </ClInclude>
    <ClInclude Include="Constants.h">
      <Filter>Header Files</Filter>
    </ClInclude>
    <ClInclude Include="FrameOutput.h">
      <Filter>Header Files</Filter>
    </ClInclude>
    <ClInclude Include="FrameSource.h">
      <Filter>Header Files</Filter>
    </ClInclude>
    <ClInclude Include="ImageItem.h">
      <Filter>Header Files</Filter>
    </ClInclude>
    <ClInclude Include="ImageItemList.h">
      <Filter>Header Files</Filter>
    </ClInclude>
    <ClInclude Include="ImageOperations.h">
      <Filter>Header Files</Filter>
    </ClInclude>
    <ClInclude Include="ImageOutput.h">
      <Filter>Header Files</Filter>
    </ClInclude>
    <ClInclude Include="ImageSeries.h">
      <Filter>Header Files</Filter>
    </ClInclude>
    <ClInclude Include="ImageSource.h">
      <Filter>Header Files</Filter>
    </ClInclude>
    <ClInclude Include="ImageTracker.h">
      <Filter>Header Files</Filter>
    </ClInclude>
    <ClInclude Include="ImageTrackers.h">
      <Filter>Header Files</Filter>
    </ClInclude>
    <ClInclude Include="Keepalive.h">
      <Filter>Header Files</Filter>
    </ClInclude>
    <ClInclude Include="NumericPath.h">
      <Filter>Header Files</Filter>
    </ClInclude>
    <ClInclude Include="Observer.h">
      <Filter>Header Files</Filter>
    </ClInclude>
    <ClInclude Include="OperationInfo.h">
      <Filter>Header Files</Filter>
    </ClInclude>
    <ClInclude Include="OutputStream.h">
      <Filter>Header Files</Filter>
    </ClInclude>
    <ClInclude Include="ParamRange.h">
      <Filter>Header Files</Filter>
    </ClInclude>
    <ClInclude Include="PathLink.h">
      <Filter>Header Files</Filter>
    </ClInclude>
    <ClInclude Include="PathNode.h">
      <Filter>Header Files</Filter>
    </ClInclude>
    <ClInclude Include="ScriptOperation.h">
      <Filter>Header Files</Filter>
    </ClInclude>
    <ClInclude Include="ScriptOperations.h">
      <Filter>Header Files</Filter>
    </ClInclude>
    <ClInclude Include="StatData.h">
      <Filter>Header Files</Filter>
    </ClInclude>
    <ClInclude Include="TrackClusterMatch.h">
      <Filter>Header Files</Filter>
    </ClInclude>
    <ClInclude Include="TrackingParams.h">
      <Filter>Header Files</Filter>
    </ClInclude>
    <ClInclude Include="TrackingStats.h">
      <Filter>Header Files</Filter>
    </ClInclude>
    <ClInclude Include="Util.h">
      <Filter>Header Files</Filter>
    </ClInclude>
    <ClInclude Include="VideoOutput.h">
      <Filter>Header Files</Filter>
    </ClInclude>
    <ClInclude Include="VideoSource.h">
      <Filter>Header Files</Filter>
    </ClInclude>
    <ClInclude Include="TextObserver.h">
      <Filter>Header Files</Filter>
    </ClInclude>
    <ClInclude Include="Types.h">
      <Filter>Header Files</Filter>
    </ClInclude>
    <ClInclude Include="ScriptProcessing.h">
      <Filter>Header Files</Filter>
    </ClInclude>
  </ItemGroup>
  <ItemGroup>
    <QtMoc Include="AboutWindow.h">
      <Filter>Header Files</Filter>
    </QtMoc>
    <QtMoc Include="ImageWindow.h">
      <Filter>Header Files</Filter>
    </QtMoc>
    <QtMoc Include="MainWindow.h">
      <Filter>Header Files</Filter>
    </QtMoc>
    <QtMoc Include="TextWindow.h">
      <Filter>Header Files</Filter>
    </QtMoc>
  </ItemGroup>
  <ItemGroup>
    <QtUic Include="AboutWindow.ui">
      <Filter>Form Files</Filter>
    </QtUic>
    <QtUic Include="ImageWindow.ui">
      <Filter>Form Files</Filter>
    </QtUic>
    <QtUic Include="MainWindow.ui">
      <Filter>Form Files</Filter>
    </QtUic>
    <QtUic Include="TextWindow.ui">
      <Filter>Form Files</Filter>
    </QtUic>
  </ItemGroup>
  <ItemGroup>
    <Filter Include="Source Files">
      <UniqueIdentifier>{4FC737F1-C7A5-4376-A066-2A32D752A2FF}</UniqueIdentifier>
      <Extensions>cpp;c;cc;cxx;def;odl;idl;hpj;bat;asm;asmx</Extensions>
      <ParseFiles>true</ParseFiles>
    </Filter>
    <Filter Include="Header Files">
      <UniqueIdentifier>{93995380-89BD-4b04-88EB-625FBE52EBFB}</UniqueIdentifier>
      <Extensions>h;hh;hpp;hxx;hm;inl;inc;xsd</Extensions>
      <ParseFiles>true</ParseFiles>
    </Filter>
    <Filter Include="Form Files">
      <UniqueIdentifier>{99349809-55BA-4b9d-BF79-8FDBB0286EB3}</UniqueIdentifier>
      <Extensions>ui</Extensions>
      <ParseFiles>true</ParseFiles>
    </Filter>
    <Filter Include="Resources">
      <UniqueIdentifier>{0e3ba909-f0c1-4edf-98bb-1bf482dd9af6}</UniqueIdentifier>
      <Extensions>rc;qrc;ico;png</Extensions>
    </Filter>
  </ItemGroup>
  <ItemGroup>
    <Image Include="BioImageOperation.ico">
      <Filter>Resources</Filter>
    </Image>
    <Image Include="BioImageOperation.png">
      <Filter>Resources</Filter>
    </Image>
  </ItemGroup>
  <ItemGroup>
    <ResourceCompile Include="BioImageOperation.rc">
      <Filter>Resources</Filter>
    </ResourceCompile>
  </ItemGroup>
  <ItemGroup>
    <Text Include="CMakeLists.txt" />
  </ItemGroup>
  <ItemGroup>
    <None Include="CMakeSettings.json" />
  </ItemGroup>
  <ItemGroup>
    <QtRcc Include="BioImageOperation.qrc">
      <Filter>Resources</Filter>
    </QtRcc>
  </ItemGroup>
</Project>