<?xml version="1.0" encoding="utf-8"?>
<Project ToolsVersion="4.0" xmlns="http://schemas.microsoft.com/developer/msbuild/2003">
  <ItemGroup>
    <ClCompile Include="Argument.cpp" />
    <ClCompile Include="CaptureSource.cpp" />
    <ClCompile Include="ColorScale.cpp" />
    <ClCompile Include="Constants.cpp" />
    <ClCompile Include="FrameOutput.cpp" />
    <ClCompile Include="FrameSource.cpp" />
    <ClCompile Include="ImageOutput.cpp" />
    <ClCompile Include="ImageSource.cpp" />
    <ClCompile Include="ImageWindow.cpp" />
    <ClCompile Include="NumericPath.cpp" />
    <ClCompile Include="OperationInfo.cpp" />
    <ClCompile Include="ScriptOperation.cpp" />
    <ClCompile Include="ScriptOperations.cpp" />
    <ClCompile Include="ScriptProcessing.cpp" />
    <ClCompile Include="Util.cpp" />
    <ClCompile Include="VideoOutput.cpp" />
    <ClCompile Include="VideoSource.cpp" />
    <ClCompile Include="MainWindow.cpp" />
    <ClCompile Include="BioImageOperation.cpp" />
    <ClCompile Include="ImageItemList.cpp">
      <Filter>Source Files</Filter>
    </ClCompile>
    <ClCompile Include="ImageItem.cpp">
      <Filter>Source Files</Filter>
    </ClCompile>
    <ClCompile Include="AccumBuffer.cpp">
      <Filter>Source Files</Filter>
    </ClCompile>
    <ClCompile Include="AverageBuffer.cpp">
      <Filter>Source Files</Filter>
    </ClCompile>
    <ClCompile Include="Averager.cpp">
      <Filter>Source Files</Filter>
    </ClCompile>
    <ClCompile Include="ImageOperations.cpp">
      <Filter>Source Files</Filter>
    </ClCompile>
    <ClCompile Include="ImageSeries.cpp">
      <Filter>Source Files</Filter>
    </ClCompile>
    <ClCompile Include="Cluster.cpp">
      <Filter>Source Files</Filter>
    </ClCompile>
    <ClCompile Include="ClusterTrack.cpp">
      <Filter>Source Files</Filter>
    </ClCompile>
    <ClCompile Include="ImageTracker.cpp">
      <Filter>Source Files</Filter>
    </ClCompile>
    <ClCompile Include="ImageTrackers.cpp">
      <Filter>Source Files</Filter>
    </ClCompile>
    <ClCompile Include="Keepalive.cpp">
      <Filter>Source Files</Filter>
    </ClCompile>
    <ClCompile Include="PathLink.cpp">
      <Filter>Source Files</Filter>
    </ClCompile>
    <ClCompile Include="PathNode.cpp">
      <Filter>Source Files</Filter>
    </ClCompile>
    <ClCompile Include="TrackClusterMatch.cpp">
      <Filter>Source Files</Filter>
    </ClCompile>
    <ClCompile Include="TrackingParams.cpp">
      <Filter>Source Files</Filter>
    </ClCompile>
    <ClCompile Include="TrackingStats.cpp">
      <Filter>Source Files</Filter>
    </ClCompile>
    <ClCompile Include="OutputStream.cpp">
      <Filter>Source Files</Filter>
    </ClCompile>
    <ClCompile Include="ParamRange.cpp">
      <Filter>Source Files</Filter>
    </ClCompile>
    <ClCompile Include="StatData.cpp">
      <Filter>Source Files</Filter>
    </ClCompile>
  </ItemGroup>
  <ItemGroup>
    <ClInclude Include="CaptureSource.h" />
    <ClInclude Include="FrameOutput.h" />
    <ClInclude Include="ImageOutput.h" />
    <ClInclude Include="ImageSource.h" />
    <ClInclude Include="NumericPath.h" />
    <ClInclude Include="OperationInfo.h" />
    <ClInclude Include="VideoOutput.h" />
    <ClInclude Include="VideoSource.h" />
    <ClInclude Include="Argument.h" />
    <ClInclude Include="ColorScale.h" />
    <ClInclude Include="Constants.h" />
    <ClInclude Include="FrameSource.h" />
    <ClInclude Include="Observer.h" />
    <ClInclude Include="ScriptOperation.h" />
    <ClInclude Include="ScriptOperations.h" />
    <ClInclude Include="Util.h" />
    <ClInclude Include="ImageItemList.h">
      <Filter>Header Files</Filter>
    </ClInclude>
    <ClInclude Include="ImageItem.h">
      <Filter>Header Files</Filter>
    </ClInclude>
    <ClInclude Include="AccumBuffer.h">
      <Filter>Header Files</Filter>
    </ClInclude>
    <ClInclude Include="AverageBuffer.h">
      <Filter>Header Files</Filter>
    </ClInclude>
    <ClInclude Include="Averager.h">
      <Filter>Header Files</Filter>
    </ClInclude>
    <ClInclude Include="ImageOperations.h">
      <Filter>Header Files</Filter>
    </ClInclude>
    <ClInclude Include="ImageSeries.h">
      <Filter>Header Files</Filter>
    </ClInclude>
    <ClInclude Include="Cluster.h">
      <Filter>Header Files</Filter>
    </ClInclude>
    <ClInclude Include="ClusterTrack.h">
      <Filter>Header Files</Filter>
    </ClInclude>
    <ClInclude Include="ImageTracker.h">
      <Filter>Header Files</Filter>
    </ClInclude>
    <ClInclude Include="ImageTrackers.h">
      <Filter>Header Files</Filter>
    </ClInclude>
    <ClInclude Include="Keepalive.h">
      <Filter>Header Files</Filter>
    </ClInclude>
    <ClInclude Include="PathLink.h">
      <Filter>Header Files</Filter>
    </ClInclude>
    <ClInclude Include="PathNode.h">
      <Filter>Header Files</Filter>
    </ClInclude>
    <ClInclude Include="TrackClusterMatch.h">
      <Filter>Header Files</Filter>
    </ClInclude>
    <ClInclude Include="TrackingParams.h">
      <Filter>Header Files</Filter>
    </ClInclude>
    <ClInclude Include="TrackingStats.h">
      <Filter>Header Files</Filter>
    </ClInclude>
    <ClInclude Include="OutputStream.h">
      <Filter>Header Files</Filter>
    </ClInclude>
    <ClInclude Include="ParamRange.h">
      <Filter>Header Files</Filter>
    </ClInclude>
    <ClInclude Include="StatData.h">
      <Filter>Header Files</Filter>
    </ClInclude>
  </ItemGroup>
  <ItemGroup>
    <QtMoc Include="MainWindow.h" />
    <QtMoc Include="ImageWindow.h" />
    <QtMoc Include="ScriptProcessing.h" />
  </ItemGroup>
  <ItemGroup>
    <QtRcc Include="MainWindow.qrc" />
  </ItemGroup>
  <ItemGroup>
    <QtUic Include="ImageWindow.ui" />
    <QtUic Include="MainWindow.ui" />
  </ItemGroup>
  <ItemGroup>
    <Filter Include="Source Files">
      <UniqueIdentifier>{4FC737F1-C7A5-4376-A066-2A32D752A2FF}</UniqueIdentifier>
      <Extensions>cpp;c;cc;cxx;def;odl;idl;hpj;bat;asm;asmx</Extensions>
      <ParseFiles>true</ParseFiles>
    </Filter>
    <Filter Include="Header Files">
      <UniqueIdentifier>{93995380-89BD-4b04-88EB-625FBE52EBFB}</UniqueIdentifier>
      <Extensions>h;hh;hpp;hxx;hm;inl;inc;xsd</Extensions>
      <ParseFiles>true</ParseFiles>
    </Filter>
  </ItemGroup>
</Project>